<?xml version="1.0" encoding="utf-8"?>
<Project ToolsVersion="4.0" xmlns="http://schemas.microsoft.com/developer/msbuild/2003">
  <ItemGroup>
    <Filter Include="Header Files">
      <UniqueIdentifier>{93995380-89BD-4b04-88EB-625FBE52EBFB}</UniqueIdentifier>
      <Extensions>h;hpp;hxx;hm;inl;inc;xsd</Extensions>
    </Filter>
    <Filter Include="Header Files">
      <UniqueIdentifier>{93995380-89BD-4b04-88EB-625FBE52EBFB}</UniqueIdentifier>
      <Extensions>h;hpp;hxx;hm;inl;inc;xsd</Extensions>
    </Filter>
    <Filter Include="Source Files">
      <UniqueIdentifier>{4FC737F1-C7A5-4376-A066-2A32D752A2FF}</UniqueIdentifier>
      <Extensions>cpp;c;cxx;def;odl;idl;hpj;bat;asm;asmx</Extensions>
    </Filter>
    <Filter Include="Source Files">
      <UniqueIdentifier>{4FC737F1-C7A5-4376-A066-2A32D752A2FF}</UniqueIdentifier>
      <Extensions>cpp;c;cxx;def;odl;idl;hpj;bat;asm;asmx</Extensions>
    </Filter>
  </ItemGroup>
  <ItemGroup>
    <ClCompile Include="src\processes\IPLAddNoise.cpp">
      <Filter>Source Files</Filter>
    </ClCompile>
    <ClCompile Include="src\processes\IPLAgglomerate.cpp">
      <Filter>Source Files</Filter>
    </ClCompile>
    <ClCompile Include="src\processes\IPLArithmeticOperations.cpp">
      <Filter>Source Files</Filter>
    </ClCompile>
    <ClCompile Include="src\processes\IPLArithmeticOperationsConstant.cpp">
      <Filter>Source Files</Filter>
    </ClCompile>
    <ClCompile Include="src\processes\IPLBinarizeEntropy.cpp">
      <Filter>Source Files</Filter>
    </ClCompile>
    <ClCompile Include="src\processes\IPLBinarizeImage.cpp">
      <Filter>Source Files</Filter>
    </ClCompile>
    <ClCompile Include="src\processes\IPLBinarizeKMeans.cpp">
      <Filter>Source Files</Filter>
    </ClCompile>
    <ClCompile Include="src\processes\IPLBinarizeOtsu.cpp">
      <Filter>Source Files</Filter>
    </ClCompile>
    <ClCompile Include="src\processes\IPLBinarizeSavola.cpp">
      <Filter>Source Files</Filter>
    </ClCompile>
    <ClCompile Include="src\processes\IPLBinarizeUnimodal.cpp">
      <Filter>Source Files</Filter>
    </ClCompile>
    <ClCompile Include="src\processes\IPLBlendImages.cpp">
      <Filter>Source Files</Filter>
    </ClCompile>
    <ClCompile Include="src\processes\IPLCamera.cpp">
      <Filter>Source Files</Filter>
    </ClCompile>
    <ClCompile Include="src\processes\IPLCanny.cpp">
      <Filter>Source Files</Filter>
    </ClCompile>
    <ClCompile Include="src\processes\IPLCanvasSize.cpp">
      <Filter>Source Files</Filter>
    </ClCompile>
    <ClCompile Include="src\processes\IPLCompassMask.cpp">
      <Filter>Source Files</Filter>
    </ClCompile>
    <ClCompile Include="src\IPLComplexImage.cpp">
      <Filter>Source Files</Filter>
    </ClCompile>
    <ClCompile Include="src\processes\IPLConvertToColor.cpp">
      <Filter>Source Files</Filter>
    </ClCompile>
    <ClCompile Include="src\processes\IPLConvertToGray.cpp">
      <Filter>Source Files</Filter>
    </ClCompile>
    <ClCompile Include="src\processes\IPLConvolutionFilter.cpp">
      <Filter>Source Files</Filter>
    </ClCompile>
    <ClCompile Include="src\IPLData.cpp">
      <Filter>Source Files</Filter>
    </ClCompile>
    <ClCompile Include="src\processes\IPLEnhanceMode.cpp">
      <Filter>Source Files</Filter>
    </ClCompile>
    <ClCompile Include="src\processes\IPLEqualizeHistogram.cpp">
      <Filter>Source Files</Filter>
    </ClCompile>
    <ClCompile Include="src\processes\IPLEquidensityLines.cpp">
      <Filter>Source Files</Filter>
    </ClCompile>
    <ClCompile Include="src\processes\IPLExtractLines.cpp">
      <Filter>Source Files</Filter>
    </ClCompile>
    <ClCompile Include="src\processes\IPLExtrema.cpp">
      <Filter>Source Files</Filter>
    </ClCompile>
    <ClCompile Include="src\processes\IPLFalseColor.cpp">
      <Filter>Source Files</Filter>
    </ClCompile>
    <ClCompile Include="src\IPLFileIO.cpp">
      <Filter>Source Files</Filter>
    </ClCompile>
    <ClCompile Include="src\processes\IPLFillConcavities.cpp">
      <Filter>Source Files</Filter>
    </ClCompile>
    <ClCompile Include="src\processes\IPLFlipImage.cpp">
      <Filter>Source Files</Filter>
    </ClCompile>
    <ClCompile Include="src\processes\IPLGabor.cpp">
      <Filter>Source Files</Filter>
    </ClCompile>
    <ClCompile Include="src\processes\IPLGammaCorrection.cpp">
      <Filter>Source Files</Filter>
    </ClCompile>
    <ClCompile Include="src\processes\IPLGaussianLowPass.cpp">
      <Filter>Source Files</Filter>
    </ClCompile>
    <ClCompile Include="src\processes\IPLGradientOperator.cpp">
      <Filter>Source Files</Filter>
    </ClCompile>
    <ClCompile Include="src\processes\IPLHysteresisThreshold.cpp">
      <Filter>Source Files</Filter>
    </ClCompile>
    <ClCompile Include="src\IPLImage.cpp">
      <Filter>Source Files</Filter>
    </ClCompile>
    <ClCompile Include="src\IPLImagePlane.cpp">
      <Filter>Source Files</Filter>
    </ClCompile>
    <ClCompile Include="src\processes\IPLInverseContrastRatioMapping.cpp">
      <Filter>Source Files</Filter>
    </ClCompile>
    <ClCompile Include="src\processes\IPLLabelBlobs.cpp">
      <Filter>Source Files</Filter>
    </ClCompile>
    <ClCompile Include="src\processes\IPLLaplaceOfGaussian.cpp">
      <Filter>Source Files</Filter>
    </ClCompile>
    <ClCompile Include="src\processes\IPLLoadImage.cpp">
      <Filter>Source Files</Filter>
    </ClCompile>
    <ClCompile Include="src\processes\IPLLoadImageSequence.cpp">
      <Filter>Source Files</Filter>
    </ClCompile>
    <ClCompile Include="src\processes\IPLLocalThreshold.cpp">
      <Filter>Source Files</Filter>
    </ClCompile>
    <ClCompile Include="src\processes\IPLMarkImage.cpp">
      <Filter>Source Files</Filter>
    </ClCompile>
    <ClCompile Include="src\IPLMatrix.cpp">
      <Filter>Source Files</Filter>
    </ClCompile>
    <ClCompile Include="src\processes\IPLMax.cpp">
      <Filter>Source Files</Filter>
    </ClCompile>
    <ClCompile Include="src\processes\IPLMaxMinMedian.cpp">
      <Filter>Source Files</Filter>
    </ClCompile>
    <ClCompile Include="src\processes\IPLMedian.cpp">
      <Filter>Source Files</Filter>
    </ClCompile>
    <ClCompile Include="src\processes\IPLMergePlanes.cpp">
      <Filter>Source Files</Filter>
    </ClCompile>
    <ClCompile Include="src\processes\IPLMin.cpp">
      <Filter>Source Files</Filter>
    </ClCompile>
    <ClCompile Include="src\processes\IPLMorphologicalEdge.cpp">
      <Filter>Source Files</Filter>
    </ClCompile>
    <ClCompile Include="src\processes\IPLMorphologyBinary.cpp">
      <Filter>Source Files</Filter>
    </ClCompile>
    <ClCompile Include="src\processes\IPLMorphologyGrayscale.cpp">
      <Filter>Source Files</Filter>
    </ClCompile>
    <ClCompile Include="src\processes\IPLMorphologyHitMiss.cpp">
      <Filter>Source Files</Filter>
    </ClCompile>
    <ClCompile Include="src\processes\IPLNegate.cpp">
      <Filter>Source Files</Filter>
    </ClCompile>
    <ClCompile Include="src\processes\IPLNormalizeIllumination.cpp">
      <Filter>Source Files</Filter>
    </ClCompile>
    <ClCompile Include="src\processes\IPLOnePixelEdge.cpp">
      <Filter>Source Files</Filter>
    </ClCompile>
    <ClCompile Include="src\IPLOrientedImage.cpp">
      <Filter>Source Files</Filter>
    </ClCompile>
    <ClCompile Include="src\IPLPoint.cpp">
      <Filter>Source Files</Filter>
    </ClCompile>
    <ClCompile Include="src\IPLProcess.cpp">
      <Filter>Source Files</Filter>
    </ClCompile>
    <ClCompile Include="src\IPLProcessProperty.cpp">
      <Filter>Source Files</Filter>
    </ClCompile>
    <ClCompile Include="src\processes\IPLRandomPoint.cpp">
      <Filter>Source Files</Filter>
    </ClCompile>
    <ClCompile Include="src\processes\IPLRankTransform.cpp">
      <Filter>Source Files</Filter>
    </ClCompile>
    <ClCompile Include="src\processes\IPLResize.cpp">
      <Filter>Source Files</Filter>
    </ClCompile>
    <ClCompile Include="src\processes\IPLRotate.cpp">
      <Filter>Source Files</Filter>
    </ClCompile>
    <ClCompile Include="src\processes\IPLSaveImage.cpp">
      <Filter>Source Files</Filter>
    </ClCompile>
    <ClCompile Include="src\processes\IPLSplitPlanes.cpp">
      <Filter>Source Files</Filter>
    </ClCompile>
    <ClCompile Include="src\processes\IPLStretchContrast.cpp">
      <Filter>Source Files</Filter>
    </ClCompile>
    <ClCompile Include="src\processes\IPLSynthesize.cpp">
      <Filter>Source Files</Filter>
    </ClCompile>
    <ClCompile Include="src\processes\IPLTriangleSegmentation.cpp">
      <Filter>Source Files</Filter>
    </ClCompile>
    <ClCompile Include="src\processes\IPLUnsharpMasking.cpp">
      <Filter>Source Files</Filter>
    </ClCompile>
    <ClCompile Include="include\dirent\dirent.c">
      <Filter>Source Files</Filter>
    </ClCompile>
  </ItemGroup>
  <ItemGroup>
    <ClInclude Include="include\processes\IPLAddNoise.h">
      <Filter>Header Files</Filter>
    </ClInclude>
    <ClInclude Include="include\processes\IPLAgglomerate.h">
      <Filter>Header Files</Filter>
    </ClInclude>
    <ClInclude Include="include\processes\IPLArithmeticOperations.h">
      <Filter>Header Files</Filter>
    </ClInclude>
    <ClInclude Include="include\processes\IPLArithmeticOperationsConstant.h">
      <Filter>Header Files</Filter>
    </ClInclude>
    <ClInclude Include="include\processes\IPLBinarizeEntropy.h">
      <Filter>Header Files</Filter>
    </ClInclude>
    <ClInclude Include="include\processes\IPLBinarizeImage.h">
      <Filter>Header Files</Filter>
    </ClInclude>
    <ClInclude Include="include\processes\IPLBinarizeKMeans.h">
      <Filter>Header Files</Filter>
    </ClInclude>
    <ClInclude Include="include\processes\IPLBinarizeOtsu.h">
      <Filter>Header Files</Filter>
    </ClInclude>
    <ClInclude Include="include\processes\IPLBinarizeSavola.h">
      <Filter>Header Files</Filter>
    </ClInclude>
    <ClInclude Include="include\processes\IPLBinarizeUnimodal.h">
      <Filter>Header Files</Filter>
    </ClInclude>
    <ClInclude Include="include\processes\IPLBlendImages.h">
      <Filter>Header Files</Filter>
    </ClInclude>
    <ClInclude Include="include\processes\IPLCamera.h">
      <Filter>Header Files</Filter>
    </ClInclude>
    <ClInclude Include="include\processes\IPLCanny.h">
      <Filter>Header Files</Filter>
    </ClInclude>
    <ClInclude Include="include\processes\IPLCanvasSize.h">
      <Filter>Header Files</Filter>
    </ClInclude>
    <ClInclude Include="include\IPLColor.h">
      <Filter>Header Files</Filter>
    </ClInclude>
    <ClInclude Include="include\processes\IPLCompassMask.h">
      <Filter>Header Files</Filter>
    </ClInclude>
    <ClInclude Include="include\IPLComplexImage.h">
      <Filter>Header Files</Filter>
    </ClInclude>
    <ClInclude Include="include\processes\IPLConvertToColor.h">
      <Filter>Header Files</Filter>
    </ClInclude>
    <ClInclude Include="include\processes\IPLConvertToGray.h">
      <Filter>Header Files</Filter>
    </ClInclude>
    <ClInclude Include="include\processes\IPLConvolutionFilter.h">
      <Filter>Header Files</Filter>
    </ClInclude>
    <ClInclude Include="include\IPLData.h">
      <Filter>Header Files</Filter>
    </ClInclude>
    <ClInclude Include="include\processes\IPLEnhanceMode.h">
      <Filter>Header Files</Filter>
    </ClInclude>
    <ClInclude Include="include\processes\IPLEqualizeHistogram.h">
      <Filter>Header Files</Filter>
    </ClInclude>
    <ClInclude Include="include\processes\IPLEquidensityLines.h">
      <Filter>Header Files</Filter>
    </ClInclude>
    <ClInclude Include="include\IPLErrorHandler.h">
      <Filter>Header Files</Filter>
    </ClInclude>
    <ClInclude Include="include\processes\IPLExtractLines.h">
      <Filter>Header Files</Filter>
    </ClInclude>
    <ClInclude Include="include\processes\IPLExtrema.h">
      <Filter>Header Files</Filter>
    </ClInclude>
    <ClInclude Include="include\processes\IPLFalseColor.h">
      <Filter>Header Files</Filter>
    </ClInclude>
    <ClInclude Include="include\IPLFileIO.h">
      <Filter>Header Files</Filter>
    </ClInclude>
    <ClInclude Include="include\processes\IPLFillConcavities.h">
      <Filter>Header Files</Filter>
    </ClInclude>
    <ClInclude Include="include\processes\IPLFlipImage.h">
      <Filter>Header Files</Filter>
    </ClInclude>
    <ClInclude Include="include\processes\IPLGabor.h">
      <Filter>Header Files</Filter>
    </ClInclude>
    <ClInclude Include="include\processes\IPLGammaCorrection.h">
      <Filter>Header Files</Filter>
    </ClInclude>
    <ClInclude Include="include\processes\IPLGaussianLowPass.h">
      <Filter>Header Files</Filter>
    </ClInclude>
    <ClInclude Include="include\processes\IPLGradientOperator.h">
      <Filter>Header Files</Filter>
    </ClInclude>
    <ClInclude Include="include\IPLHistogram.h">
      <Filter>Header Files</Filter>
    </ClInclude>
    <ClInclude Include="include\processes\IPLHysteresisThreshold.h">
      <Filter>Header Files</Filter>
    </ClInclude>
    <ClInclude Include="include\IPLImage.h">
      <Filter>Header Files</Filter>
    </ClInclude>
    <ClInclude Include="include\IPLImagePlane.h">
      <Filter>Header Files</Filter>
    </ClInclude>
    <ClInclude Include="include\processes\IPLInverseContrastRatioMapping.h">
      <Filter>Header Files</Filter>
    </ClInclude>
    <ClInclude Include="include\processes\IPLLabelBlobs.h">
      <Filter>Header Files</Filter>
    </ClInclude>
    <ClInclude Include="include\processes\IPLLaplaceOfGaussian.h">
      <Filter>Header Files</Filter>
    </ClInclude>
    <ClInclude Include="include\processes\IPLLoadImage.h">
      <Filter>Header Files</Filter>
    </ClInclude>
    <ClInclude Include="include\processes\IPLLoadImageSequence.h">
      <Filter>Header Files</Filter>
    </ClInclude>
    <ClInclude Include="include\processes\IPLLocalThreshold.h">
      <Filter>Header Files</Filter>
    </ClInclude>
    <ClInclude Include="include\processes\IPLMarkImage.h">
      <Filter>Header Files</Filter>
    </ClInclude>
    <ClInclude Include="include\IPLMatrix.h">
      <Filter>Header Files</Filter>
    </ClInclude>
    <ClInclude Include="include\processes\IPLMax.h">
      <Filter>Header Files</Filter>
    </ClInclude>
    <ClInclude Include="include\processes\IPLMaxMinMedian.h">
      <Filter>Header Files</Filter>
    </ClInclude>
    <ClInclude Include="include\processes\IPLMedian.h">
      <Filter>Header Files</Filter>
    </ClInclude>
    <ClInclude Include="include\processes\IPLMergePlanes.h">
      <Filter>Header Files</Filter>
    </ClInclude>
    <ClInclude Include="include\processes\IPLMin.h">
      <Filter>Header Files</Filter>
    </ClInclude>
    <ClInclude Include="include\processes\IPLMorphologicalEdge.h">
      <Filter>Header Files</Filter>
    </ClInclude>
    <ClInclude Include="include\processes\IPLMorphologyBinary.h">
      <Filter>Header Files</Filter>
    </ClInclude>
    <ClInclude Include="include\processes\IPLMorphologyGrayscale.h">
      <Filter>Header Files</Filter>
    </ClInclude>
    <ClInclude Include="include\processes\IPLMorphologyHitMiss.h">
      <Filter>Header Files</Filter>
    </ClInclude>
    <ClInclude Include="include\processes\IPLNegate.h">
      <Filter>Header Files</Filter>
    </ClInclude>
    <ClInclude Include="include\processes\IPLNormalizeIllumination.h">
      <Filter>Header Files</Filter>
    </ClInclude>
    <ClInclude Include="include\processes\IPLOnePixelEdge.h">
      <Filter>Header Files</Filter>
    </ClInclude>
    <ClInclude Include="include\IPLOrientedImage.h">
      <Filter>Header Files</Filter>
    </ClInclude>
    <ClInclude Include="include\IPLPoint.h">
      <Filter>Header Files</Filter>
    </ClInclude>
    <ClInclude Include="include\IPLProcess.h">
      <Filter>Header Files</Filter>
    </ClInclude>
    <ClInclude Include="include\IPLProcessProperty.h">
      <Filter>Header Files</Filter>
    </ClInclude>
    <ClInclude Include="include\IPLProgressEventHandler.h">
      <Filter>Header Files</Filter>
    </ClInclude>
    <ClInclude Include="include\IPLPropertyChangedEventHandler.h">
      <Filter>Header Files</Filter>
    </ClInclude>
    <ClInclude Include="include\processes\IPLRandomPoint.h">
      <Filter>Header Files</Filter>
    </ClInclude>
    <ClInclude Include="include\processes\IPLRankTransform.h">
      <Filter>Header Files</Filter>
    </ClInclude>
    <ClInclude Include="include\processes\IPLResize.h">
      <Filter>Header Files</Filter>
    </ClInclude>
    <ClInclude Include="include\processes\IPLRotate.h">
      <Filter>Header Files</Filter>
    </ClInclude>
    <ClInclude Include="include\processes\IPLSaveImage.h">
      <Filter>Header Files</Filter>
    </ClInclude>
    <ClInclude Include="include\processes\IPLSplitPlanes.h">
      <Filter>Header Files</Filter>
    </ClInclude>
    <ClInclude Include="include\processes\IPLStretchContrast.h">
      <Filter>Header Files</Filter>
    </ClInclude>
    <ClInclude Include="include\processes\IPLSynthesize.h">
      <Filter>Header Files</Filter>
    </ClInclude>
    <ClInclude Include="include\processes\IPLTriangleSegmentation.h">
      <Filter>Header Files</Filter>
    </ClInclude>
    <ClInclude Include="include\processes\IPLUnsharpMasking.h">
      <Filter>Header Files</Filter>
    </ClInclude>
    <ClInclude Include="include\IPL_global.h">
      <Filter>Header Files</Filter>
    </ClInclude>
    <ClInclude Include="include\IPL_plugininterface.h">
      <Filter>Header Files</Filter>
    </ClInclude>
    <ClInclude Include="include\IPL_processes.h">
      <Filter>Header Files</Filter>
    </ClInclude>
    <ClInclude Include="include\dirent\dirent.h">
      <Filter>Header Files</Filter>
    </ClInclude>
  </ItemGroup>
</Project>